
Microsoft Visual Studio Solution File, Format Version 12.00
# Visual Studio Version 17
VisualStudioVersion = 17.4.33403.182
MinimumVisualStudioVersion = 10.0.40219.1
Project("{9A19103F-16F7-4668-BE54-9A1E7A4F7556}") = "CXmlInvoiceGenerator", "CXmlInvoiceGenerator\CXmlInvoiceGenerator.csproj", "{73D80BE6-7B09-41B4-8B04-44C00A7548D4}"
EndProject
Project("{2150E333-8FDC-42A3-9474-1A3956D46DE8}") = "Solution Items", "Solution Items", "{6D91811C-5518-4BEC-8F82-C656F530ADD3}"
	ProjectSection(SolutionItems) = preProject
		README.md = README.md
	EndProjectSection
EndProject
Project("{FAE04EC0-301F-11D3-BF4B-00C04F79EFBC}") = "CXmlInvoiceGenerator.UnitTests", "CXmlInvoiceGenerator.UnitTests\CXmlInvoiceGenerator.UnitTests.csproj", "{4B9CB4FF-4071-435D-A867-5E83FDFC18E8}"
EndProject
Global
	GlobalSection(SolutionConfigurationPlatforms) = preSolution
		Debug|Any CPU = Debug|Any CPU
		Release|Any CPU = Release|Any CPU
	EndGlobalSection
	GlobalSection(ProjectConfigurationPlatforms) = postSolution
		{73D80BE6-7B09-41B4-8B04-44C00A7548D4}.Debug|Any CPU.ActiveCfg = Debug|Any CPU
		{73D80BE6-7B09-41B4-8B04-44C00A7548D4}.Debug|Any CPU.Build.0 = Debug|Any CPU
		{73D80BE6-7B09-41B4-8B04-44C00A7548D4}.Release|Any CPU.ActiveCfg = Release|Any CPU
		{73D80BE6-7B09-41B4-8B04-44C00A7548D4}.Release|Any CPU.Build.0 = Release|Any CPU
		{4B9CB4FF-4071-435D-A867-5E83FDFC18E8}.Debug|Any CPU.ActiveCfg = Debug|Any CPU
		{4B9CB4FF-4071-435D-A867-5E83FDFC18E8}.Debug|Any CPU.Build.0 = Debug|Any CPU
		{4B9CB4FF-4071-435D-A867-5E83FDFC18E8}.Release|Any CPU.ActiveCfg = Release|Any CPU
		{4B9CB4FF-4071-435D-A867-5E83FDFC18E8}.Release|Any CPU.Build.0 = Release|Any CPU
	EndGlobalSection
	GlobalSection(SolutionProperties) = preSolution
		HideSolutionNode = FALSE
	EndGlobalSection
	GlobalSection(ExtensibilityGlobals) = postSolution
		SolutionGuid = {64CD3E42-85A2-440C-815F-D8954ECD6C41}
	EndGlobalSection
EndGlobal
